github.com/critoracy/Academis v0.0.0-20260603172646-e7ad0b2f554a h1:MfAbHVS1xY1D11LW8ZVqe5iomiEZUUEPtuKFHsdSkDc=
github.com/critoracy/Academis v0.0.0-20260603172646-e7ad0b2f554a/go.mod h1:n5rzuOxyFtsqQ/eI6H3y7DG3VGQQCeksFx2dku/TD9o=
github.com/critoracy/Academis v0.1.1-0.20260606100421-4a97c97aceb2 h1:XDDAm2YkTkAI3a9rSjHAeuzQlJtLfrZNw3pt2KjK9sA=
github.com/critoracy/Academis v0.1.1-0.20260606100421-4a97c97aceb2/go.mod h1:n5rzuOxyFtsqQ/eI6H3y7DG3VGQQCeksFx2dku/TD9o=
